
Microsoft Visual Studio Solution File, Format Version 12.00
# Visual Studio Version 17
VisualStudioVersion = 17.0.31903.59
MinimumVisualStudioVersion = 10.0.40219.1
Project("{FAE04EC0-301F-11D3-BF4B-00C04F79EFBC}") = "HowManyOfThisType", "HowManyOfThisType\HowManyOfThisType.csproj", "{9B5A0175-7C73-40BC-8E45-8B1771E15D2E}"
EndProject
Project("{FAE04EC0-301F-11D3-BF4B-00C04F79EFBC}") = "TheyCameBefore", "TheyCameBefore\TheyCameBefore.csproj", "{10DAF4D4-00CC-478F-A51F-D92AE064427A}"
EndProject
Project("{FAE04EC0-301F-11D3-BF4B-00C04F79EFBC}") = "MyGenericClass", "MyGenericClass\MyGenericClass.csproj", "{19675BAE-6D8C-45EE-B63A-3C2C00887E0C}"
EndProject
Project("{FAE04EC0-301F-11D3-BF4B-00C04F79EFBC}") = "MyEnumerable", "MyEnumerable\MyEnumerable.csproj", "{3B637E9C-5A0E-4D30-A8B0-C542CFEF45EA}"
EndProject
Global
	GlobalSection(SolutionConfigurationPlatforms) = preSolution
		Debug|Any CPU = Debug|Any CPU
		Release|Any CPU = Release|Any CPU
	EndGlobalSection
	GlobalSection(SolutionProperties) = preSolution
		HideSolutionNode = FALSE
	EndGlobalSection
	GlobalSection(ProjectConfigurationPlatforms) = postSolution
		{9B5A0175-7C73-40BC-8E45-8B1771E15D2E}.Debug|Any CPU.ActiveCfg = Debug|Any CPU
		{9B5A0175-7C73-40BC-8E45-8B1771E15D2E}.Debug|Any CPU.Build.0 = Debug|Any CPU
		{9B5A0175-7C73-40BC-8E45-8B1771E15D2E}.Release|Any CPU.ActiveCfg = Release|Any CPU
		{9B5A0175-7C73-40BC-8E45-8B1771E15D2E}.Release|Any CPU.Build.0 = Release|Any CPU
		{10DAF4D4-00CC-478F-A51F-D92AE064427A}.Debug|Any CPU.ActiveCfg = Debug|Any CPU
		{10DAF4D4-00CC-478F-A51F-D92AE064427A}.Debug|Any CPU.Build.0 = Debug|Any CPU
		{10DAF4D4-00CC-478F-A51F-D92AE064427A}.Release|Any CPU.ActiveCfg = Release|Any CPU
		{10DAF4D4-00CC-478F-A51F-D92AE064427A}.Release|Any CPU.Build.0 = Release|Any CPU
		{19675BAE-6D8C-45EE-B63A-3C2C00887E0C}.Debug|Any CPU.ActiveCfg = Debug|Any CPU
		{19675BAE-6D8C-45EE-B63A-3C2C00887E0C}.Debug|Any CPU.Build.0 = Debug|Any CPU
		{19675BAE-6D8C-45EE-B63A-3C2C00887E0C}.Release|Any CPU.ActiveCfg = Release|Any CPU
		{19675BAE-6D8C-45EE-B63A-3C2C00887E0C}.Release|Any CPU.Build.0 = Release|Any CPU
		{3B637E9C-5A0E-4D30-A8B0-C542CFEF45EA}.Debug|Any CPU.ActiveCfg = Debug|Any CPU
		{3B637E9C-5A0E-4D30-A8B0-C542CFEF45EA}.Debug|Any CPU.Build.0 = Debug|Any CPU
		{3B637E9C-5A0E-4D30-A8B0-C542CFEF45EA}.Release|Any CPU.ActiveCfg = Release|Any CPU
		{3B637E9C-5A0E-4D30-A8B0-C542CFEF45EA}.Release|Any CPU.Build.0 = Release|Any CPU
	EndGlobalSection
EndGlobal
